{
  "object": {
    "pins": [
      {
        "package": "ABCloudKitPublicDatabaseSyncEngine",
        "repositoryURL": "https://github.com/rushairer/ABCloudKitPublicDatabaseSyncEngine",
        "state": {
          "branch": null,
          "revision": "01497acfbbf9172b44d6a5cd06daeb35bf24a86e",
          "version": "0.1.3"
        }
      },
      {
        "package": "ABSwiftKitExtension",
        "repositoryURL": "https://github.com/rushairer/ABSwiftKitExtension",
        "state": {
          "branch": null,
          "revision": "c97910a940026c3a363a53c81bfc1e99fed93906",
          "version": "0.2.6"
        }
      }
    ]
  },
  "version": 1
}
