{
  "object": {
    "pins": [
      {
        "package": "ABCloudKitPublicDatabaseSyncEngine",
        "repositoryURL": "https://github.com/rushairer/ABCloudKitPublicDatabaseSyncEngine",
        "state": {
          "branch": null,
          "revision": "8708101b759915af87fe85b891229147a3f2bf2f",
          "version": "0.1.2"
        }
      },
      {
        "package": "ABSwiftKitExtension",
        "repositoryURL": "https://github.com/rushairer/ABSwiftKitExtension",
        "state": {
          "branch": null,
          "revision": "d90dae9ad3a36c4d79212fb533b130d36d0e9445",
          "version": "0.2.4"
        }
      }
    ]
  },
  "version": 1
}
